
Microsoft Visual Studio Solution File, Format Version 12.00
# Visual Studio 15
VisualStudioVersion = 15.0.27130.2027
MinimumVisualStudioVersion = 10.0.40219.1
Project("{FAE04EC0-301F-11D3-BF4B-00C04F79EFBC}") = "DurableFunctionHelpers", "DurableFunctionHelpers\DurableFunctionHelpers.csproj", "{DF403722-583A-46CB-8121-5FBEEE22DE04}"
EndProject
Global
	GlobalSection(SolutionConfigurationPlatforms) = preSolution
		Debug|Any CPU = Debug|Any CPU
		Release|Any CPU = Release|Any CPU
	EndGlobalSection
	GlobalSection(ProjectConfigurationPlatforms) = postSolution
		{DF403722-583A-46CB-8121-5FBEEE22DE04}.Debug|Any CPU.ActiveCfg = Debug|Any CPU
		{DF403722-583A-46CB-8121-5FBEEE22DE04}.Debug|Any CPU.Build.0 = Debug|Any CPU
		{DF403722-583A-46CB-8121-5FBEEE22DE04}.Release|Any CPU.ActiveCfg = Release|Any CPU
		{DF403722-583A-46CB-8121-5FBEEE22DE04}.Release|Any CPU.Build.0 = Release|Any CPU
	EndGlobalSection
	GlobalSection(SolutionProperties) = preSolution
		HideSolutionNode = FALSE
	EndGlobalSection
	GlobalSection(ExtensibilityGlobals) = postSolution
		SolutionGuid = {79BDED76-6D0C-47E1-AAD6-80813FF0AEE7}
	EndGlobalSection
EndGlobal
